// !$*UTF8*$!
{
	archiveVersion = 1;
	classes = {
	};
	objectVersion = 56;
	objects = {

/* Begin PBXBuildFile section */
		CE569BBF2A13C29800A92A4F /* AddView.swift in Sources */ = {isa = PBXBuildFile; fileRef = CE569BBE2A13C29800A92A4F /* AddView.swift */; };
		CEC32CE8299D6C0E00039E5C /* iExpenseApp.swift in Sources */ = {isa = PBXBuildFile; fileRef = CEC32CE7299D6C0E00039E5C /* iExpenseApp.swift */; };
		CEC32CEA299D6C0E00039E5C /* ContentView.swift in Sources */ = {isa = PBXBuildFile; fileRef = CEC32CE9299D6C0E00039E5C /* ContentView.swift */; };
		CEC32CEC299D6C0F00039E5C /* Assets.xcassets in Resources */ = {isa = PBXBuildFile; fileRef = CEC32CEB299D6C0F00039E5C /* Assets.xcassets */; };
		CEC32CEF299D6C0F00039E5C /* Preview Assets.xcassets in Resources */ = {isa = PBXBuildFile; fileRef = CEC32CEE299D6C0F00039E5C /* Preview Assets.xcassets */; };
		CEC32CF9299D6C0F00039E5C /* iExpenseTests.swift in Sources */ = {isa = PBXBuildFile; fileRef = CEC32CF8299D6C0F00039E5C /* iExpenseTests.swift */; };
		CEC32D03299D6C0F00039E5C /* iExpenseUITests.swift in Sources */ = {isa = PBXBuildFile; fileRef = CEC32D02299D6C0F00039E5C /* iExpenseUITests.swift */; };
		CEC32D05299D6C0F00039E5C /* iExpenseUITestsLaunchTests.swift in Sources */ = {isa = PBXBuildFile; fileRef = CEC32D04299D6C0F00039E5C /* iExpenseUITestsLaunchTests.swift */; };
		CEC32D1229BA24A000039E5C /* ExpenseItem.swift in Sources */ = {isa = PBXBuildFile; fileRef = CEC32D1129BA24A000039E5C /* ExpenseItem.swift */; };
		CEC32D1429BA24DF00039E5C /* Expenses.swift in Sources */ = {isa = PBXBuildFile; fileRef = CEC32D1329BA24DF00039E5C /* Expenses.swift */; };
/* End PBXBuildFile section */

/* Begin PBXContainerItemProxy section */
		CEC32CF5299D6C0F00039E5C /* PBXContainerItemProxy */ = {
			isa = PBXContainerItemProxy;
			containerPortal = CEC32CDC299D6C0E00039E5C /* Project object */;
			proxyType = 1;
			remoteGlobalIDString = CEC32CE3299D6C0E00039E5C;
			remoteInfo = iExpense;
		};
		CEC32CFF299D6C0F00039E5C /* PBXContainerItemProxy */ = {
			isa = PBXContainerItemProxy;
			containerPortal = CEC32CDC299D6C0E00039E5C /* Project object */;
			proxyType = 1;
			remoteGlobalIDString = CEC32CE3299D6C0E00039E5C;
			remoteInfo = iExpense;
		};
/* End PBXContainerItemProxy section */

/* Begin PBXFileReference section */
		CE569BBE2A13C29800A92A4F /* AddView.swift */ = {isa = PBXFileReference; lastKnownFileType = sourcecode.swift; path = AddView.swift; sourceTree = "<group>"; };
		CEC32CE4299D6C0E00039E5C /* iExpense.app */ = {isa = PBXFileReference; explicitFileType = wrapper.application; includeInIndex = 0; path = iExpense.app; sourceTree = BUILT_PRODUCTS_DIR; };
		CEC32CE7299D6C0E00039E5C /* iExpenseApp.swift */ = {isa = PBXFileReference; lastKnownFileType = sourcecode.swift; path = iExpenseApp.swift; sourceTree = "<group>"; };
		CEC32CE9299D6C0E00039E5C /* ContentView.swift */ = {isa = PBXFileReference; lastKnownFileType = sourcecode.swift; path = ContentView.swift; sourceTree = "<group>"; };
		CEC32CEB299D6C0F00039E5C /* Assets.xcassets */ = {isa = PBXFileReference; lastKnownFileType = folder.assetcatalog; path = Assets.xcassets; sourceTree = "<group>"; };
		CEC32CEE299D6C0F00039E5C /* Preview Assets.xcassets */ = {isa = PBXFileReference; lastKnownFileType = folder.assetcatalog; path = "Preview Assets.xcassets"; sourceTree = "<group>"; };
		CEC32CF4299D6C0F00039E5C /* iExpenseTests.xctest */ = {isa = PBXFileReference; explicitFileType = wrapper.cfbundle; includeInIndex = 0; path = iExpenseTests.xctest; sourceTree = BUILT_PRODUCTS_DIR; };
		CEC32CF8299D6C0F00039E5C /* iExpenseTests.swift */ = {isa = PBXFileReference; lastKnownFileType = sourcecode.swift; path = iExpenseTests.swift; sourceTree = "<group>"; };
		CEC32CFE299D6C0F00039E5C /* iExpenseUITests.xctest */ = {isa = PBXFileReference; explicitFileType = wrapper.cfbundle; includeInIndex = 0; path = iExpenseUITests.xctest; sourceTree = BUILT_PRODUCTS_DIR; };
		CEC32D02299D6C0F00039E5C /* iExpenseUITests.swift */ = {isa = PBXFileReference; lastKnownFileType = sourcecode.swift; path = iExpenseUITests.swift; sourceTree = "<group>"; };
		CEC32D04299D6C0F00039E5C /* iExpenseUITestsLaunchTests.swift */ = {isa = PBXFileReference; lastKnownFileType = sourcecode.swift; path = iExpenseUITestsLaunchTests.swift; sourceTree = "<group>"; };
		CEC32D1129BA24A000039E5C /* ExpenseItem.swift */ = {isa = PBXFileReference; lastKnownFileType = sourcecode.swift; path = ExpenseItem.swift; sourceTree = "<group>"; };
		CEC32D1329BA24DF00039E5C /* Expenses.swift */ = {isa = PBXFileReference; lastKnownFileType = sourcecode.swift; path = Expenses.swift; sourceTree = "<group>"; };
/* End PBXFileReference section */

/* Begin PBXFrameworksBuildPhase section */
		CEC32CE1299D6C0E00039E5C /* Frameworks */ = {
			isa = PBXFrameworksBuildPhase;
			buildActionMask = 2147483647;
			files = (
			);
			runOnlyForDeploymentPostprocessing = 0;
		};
		CEC32CF1299D6C0F00039E5C /* Frameworks */ = {
			isa = PBXFrameworksBuildPhase;
			buildActionMask = 2147483647;
			files = (
			);
			runOnlyForDeploymentPostprocessing = 0;
		};
		CEC32CFB299D6C0F00039E5C /* Frameworks */ = {
			isa = PBXFrameworksBuildPhase;
			buildActionMask = 2147483647;
			files = (
			);
			runOnlyForDeploymentPostprocessing = 0;
		};
/* End PBXFrameworksBuildPhase section */

/* Begin PBXGroup section */
		CEC32CDB299D6C0E00039E5C = {
			isa = PBXGroup;
			children = (
				CEC32CE6299D6C0E00039E5C /* iExpense */,
				CEC32CF7299D6C0F00039E5C /* iExpenseTests */,
				CEC32D01299D6C0F00039E5C /* iExpenseUITests */,
				CEC32CE5299D6C0E00039E5C /* Products */,
			);
			sourceTree = "<group>";
		};
		CEC32CE5299D6C0E00039E5C /* Products */ = {
			isa = PBXGroup;
			children = (
				CEC32CE4299D6C0E00039E5C /* iExpense.app */,
				CEC32CF4299D6C0F00039E5C /* iExpenseTests.xctest */,
				CEC32CFE299D6C0F00039E5C /* iExpenseUITests.xctest */,
			);
			name = Products;
			sourceTree = "<group>";
		};
		CEC32CE6299D6C0E00039E5C /* iExpense */ = {
			isa = PBXGroup;
			children = (
				CEC32CE7299D6C0E00039E5C /* iExpenseApp.swift */,
				CEC32D1129BA24A000039E5C /* ExpenseItem.swift */,
				CEC32D1329BA24DF00039E5C /* Expenses.swift */,
				CEC32CE9299D6C0E00039E5C /* ContentView.swift */,
				CE569BBE2A13C29800A92A4F /* AddView.swift */,
				CEC32CEB299D6C0F00039E5C /* Assets.xcassets */,
				CEC32CED299D6C0F00039E5C /* Preview Content */,
			);
			path = iExpense;
			sourceTree = "<group>";
		};
		CEC32CED299D6C0F00039E5C /* Preview Content */ = {
			isa = PBXGroup;
			children = (
				CEC32CEE299D6C0F00039E5C /* Preview Assets.xcassets */,
			);
			path = "Preview Content";
			sourceTree = "<group>";
		};
		CEC32CF7299D6C0F00039E5C /* iExpenseTests */ = {
			isa = PBXGroup;
			children = (
				CEC32CF8299D6C0F00039E5C /* iExpenseTests.swift */,
			);
			path = iExpenseTests;
			sourceTree = "<group>";
		};
		CEC32D01299D6C0F00039E5C /* iExpenseUITests */ = {
			isa = PBXGroup;
			children = (
				CEC32D02299D6C0F00039E5C /* iExpenseUITests.swift */,
				CEC32D04299D6C0F00039E5C /* iExpenseUITestsLaunchTests.swift */,
			);
			path = iExpenseUITests;
			sourceTree = "<group>";
		};
/* End PBXGroup section */

/* Begin PBXNativeTarget section */
		CEC32CE3299D6C0E00039E5C /* iExpense */ = {
			isa = PBXNativeTarget;
			buildConfigurationList = CEC32D08299D6C0F00039E5C /* Build configuration list for PBXNativeTarget "iExpense" */;
			buildPhases = (
				CEC32CE0299D6C0E00039E5C /* Sources */,
				CEC32CE1299D6C0E00039E5C /* Frameworks */,
				CEC32CE2299D6C0E00039E5C /* Resources */,
			);
			buildRules = (
			);
			dependencies = (
			);
			name = iExpense;
			productName = iExpense;
			productReference = CEC32CE4299D6C0E00039E5C /* iExpense.app */;
			productType = "com.apple.product-type.application";
		};
		CEC32CF3299D6C0F00039E5C /* iExpenseTests */ = {
			isa = PBXNativeTarget;
			buildConfigurationList = CEC32D0B299D6C0F00039E5C /* Build configuration list for PBXNativeTarget "iExpenseTests" */;
			buildPhases = (
				CEC32CF0299D6C0F00039E5C /* Sources */,
				CEC32CF1299D6C0F00039E5C /* Frameworks */,
				CEC32CF2299D6C0F00039E5C /* Resources */,
			);
			buildRules = (
			);
			dependencies = (
				CEC32CF6299D6C0F00039E5C /* PBXTargetDependency */,
			);
			name = iExpenseTests;
			productName = iExpenseTests;
			productReference = CEC32CF4299D6C0F00039E5C /* iExpenseTests.xctest */;
			productType = "com.apple.product-type.bundle.unit-test";
		};
		CEC32CFD299D6C0F00039E5C /* iExpenseUITests */ = {
			isa = PBXNativeTarget;
			buildConfigurationList = CEC32D0E299D6C0F00039E5C /* Build configuration list for PBXNativeTarget "iExpenseUITests" */;
			buildPhases = (
				CEC32CFA299D6C0F00039E5C /* Sources */,
				CEC32CFB299D6C0F00039E5C /* Frameworks */,
				CEC32CFC299D6C0F00039E5C /* Resources */,
			);
			buildRules = (
			);
			dependencies = (
				CEC32D00299D6C0F00039E5C /* PBXTargetDependency */,
			);
			name = iExpenseUITests;
			productName = iExpenseUITests;
			productReference = CEC32CFE299D6C0F00039E5C /* iExpenseUITests.xctest */;
			productType = "com.apple.product-type.bundle.ui-testing";
		};
/* End PBXNativeTarget section */

/* Begin PBXProject section */
		CEC32CDC299D6C0E00039E5C /* Project object */ = {
			isa = PBXProject;
			attributes = {
				BuildIndependentTargetsInParallel = 1;
				LastSwiftUpdateCheck = 1410;
				LastUpgradeCheck = 1410;
				TargetAttributes = {
					CEC32CE3299D6C0E00039E5C = {
						CreatedOnToolsVersion = 14.1;
					};
					CEC32CF3299D6C0F00039E5C = {
						CreatedOnToolsVersion = 14.1;
						TestTargetID = CEC32CE3299D6C0E00039E5C;
					};
					CEC32CFD299D6C0F00039E5C = {
						CreatedOnToolsVersion = 14.1;
						TestTargetID = CEC32CE3299D6C0E00039E5C;
					};
				};
			};
			buildConfigurationList = CEC32CDF299D6C0E00039E5C /* Build configuration list for PBXProject "iExpense" */;
			compatibilityVersion = "Xcode 14.0";
			developmentRegion = en;
			hasScannedForEncodings = 0;
			knownRegions = (
				en,
				Base,
			);
			mainGroup = CEC32CDB299D6C0E00039E5C;
			productRefGroup = CEC32CE5299D6C0E00039E5C /* Products */;
			projectDirPath = "";
			projectRoot = "";
			targets = (
				CEC32CE3299D6C0E00039E5C /* iExpense */,
				CEC32CF3299D6C0F00039E5C /* iExpenseTests */,
				CEC32CFD299D6C0F00039E5C /* iExpenseUITests */,
			);
		};
/* End PBXProject section */

/* Begin PBXResourcesBuildPhase section */
		CEC32CE2299D6C0E00039E5C /* Resources */ = {
			isa = PBXResourcesBuildPhase;
			buildActionMask = 2147483647;
			files = (
				CEC32CEF299D6C0F00039E5C /* Preview Assets.xcassets in Resources */,
				CEC32CEC299D6C0F00039E5C /* Assets.xcassets in Resources */,
			);
			runOnlyForDeploymentPostprocessing = 0;
		};
		CEC32CF2299D6C0F00039E5C /* Resources */ = {
			isa = PBXResourcesBuildPhase;
			buildActionMask = 2147483647;
			files = (
			);
			runOnlyForDeploymentPostprocessing = 0;
		};
		CEC32CFC299D6C0F00039E5C /* Resources */ = {
			isa = PBXResourcesBuildPhase;
			buildActionMask = 2147483647;
			files = (
			);
			runOnlyForDeploymentPostprocessing = 0;
		};
/* End PBXResourcesBuildPhase section */

/* Begin PBXSourcesBuildPhase section */
		CEC32CE0299D6C0E00039E5C /* Sources */ = {
			isa = PBXSourcesBuildPhase;
			buildActionMask = 2147483647;
			files = (
				CEC32D1429BA24DF00039E5C /* Expenses.swift in Sources */,
				CEC32CEA299D6C0E00039E5C /* ContentView.swift in Sources */,
				CE569BBF2A13C29800A92A4F /* AddView.swift in Sources */,
				CEC32D1229BA24A000039E5C /* ExpenseItem.swift in Sources */,
				CEC32CE8299D6C0E00039E5C /* iExpenseApp.swift in Sources */,
			);
			runOnlyForDeploymentPostprocessing = 0;
		};
		CEC32CF0299D6C0F00039E5C /* Sources */ = {
			isa = PBXSourcesBuildPhase;
			buildActionMask = 2147483647;
			files = (
				CEC32CF9299D6C0F00039E5C /* iExpenseTests.swift in Sources */,
			);
			runOnlyForDeploymentPostprocessing = 0;
		};
		CEC32CFA299D6C0F00039E5C /* Sources */ = {
			isa = PBXSourcesBuildPhase;
			buildActionMask = 2147483647;
			files = (
				CEC32D05299D6C0F00039E5C /* iExpenseUITestsLaunchTests.swift in Sources */,
				CEC32D03299D6C0F00039E5C /* iExpenseUITests.swift in Sources */,
			);
			runOnlyForDeploymentPostprocessing = 0;
		};
/* End PBXSourcesBuildPhase section */

/* Begin PBXTargetDependency section */
		CEC32CF6299D6C0F00039E5C /* PBXTargetDependency */ = {
			isa = PBXTargetDependency;
			target = CEC32CE3299D6C0E00039E5C /* iExpense */;
			targetProxy = CEC32CF5299D6C0F00039E5C /* PBXContainerItemProxy */;
		};
		CEC32D00299D6C0F00039E5C /* PBXTargetDependency */ = {
			isa = PBXTargetDependency;
			target = CEC32CE3299D6C0E00039E5C /* iExpense */;
			targetProxy = CEC32CFF299D6C0F00039E5C /* PBXContainerItemProxy */;
		};
/* End PBXTargetDependency section */

/* Begin XCBuildConfiguration section */
		CEC32D06299D6C0F00039E5C /* Debug */ = {
			isa = XCBuildConfiguration;
			buildSettings = {
				ALWAYS_SEARCH_USER_PATHS = NO;
				CLANG_ANALYZER_NONNULL = YES;
				CLANG_ANALYZER_NUMBER_OBJECT_CONVERSION = YES_AGGRESSIVE;
				CLANG_CXX_LANGUAGE_STANDARD = "gnu++20";
				CLANG_ENABLE_MODULES = YES;
				CLANG_ENABLE_OBJC_ARC = YES;
				CLANG_ENABLE_OBJC_WEAK = YES;
				CLANG_WARN_BLOCK_CAPTURE_AUTORELEASING = YES;
				CLANG_WARN_BOOL_CONVERSION = YES;
				CLANG_WARN_COMMA = YES;
				CLANG_WARN_CONSTANT_CONVERSION = YES;
				CLANG_WARN_DEPRECATED_OBJC_IMPLEMENTATIONS = YES;
				CLANG_WARN_DIRECT_OBJC_ISA_USAGE = YES_ERROR;
				CLANG_WARN_DOCUMENTATION_COMMENTS = YES;
				CLANG_WARN_EMPTY_BODY = YES;
				CLANG_WARN_ENUM_CONVERSION = YES;
				CLANG_WARN_INFINITE_RECURSION = YES;
				CLANG_WARN_INT_CONVERSION = YES;
				CLANG_WARN_NON_LITERAL_NULL_CONVERSION = YES;
				CLANG_WARN_OBJC_IMPLICIT_RETAIN_SELF = YES;
				CLANG_WARN_OBJC_LITERAL_CONVERSION = YES;
				CLANG_WARN_OBJC_ROOT_CLASS = YES_ERROR;
				CLANG_WARN_QUOTED_INCLUDE_IN_FRAMEWORK_HEADER = YES;
				CLANG_WARN_RANGE_LOOP_ANALYSIS = YES;
				CLANG_WARN_STRICT_PROTOTYPES = YES;
				CLANG_WARN_SUSPICIOUS_MOVE = YES;
				CLANG_WARN_UNGUARDED_AVAILABILITY = YES_AGGRESSIVE;
				CLANG_WARN_UNREACHABLE_CODE = YES;
				CLANG_WARN__DUPLICATE_METHOD_MATCH = YES;
				COPY_PHASE_STRIP = NO;
				DEBUG_INFORMATION_FORMAT = dwarf;
				ENABLE_STRICT_OBJC_MSGSEND = YES;
				ENABLE_TESTABILITY = YES;
				GCC_C_LANGUAGE_STANDARD = gnu11;
				GCC_DYNAMIC_NO_PIC = NO;
				GCC_NO_COMMON_BLOCKS = YES;
				GCC_OPTIMIZATION_LEVEL = 0;
				GCC_PREPROCESSOR_DEFINITIONS = (
					"DEBUG=1",
					"$(inherited)",
				);
				GCC_WARN_64_TO_32_BIT_CONVERSION = YES;
				GCC_WARN_ABOUT_RETURN_TYPE = YES_ERROR;
				GCC_WARN_UNDECLARED_SELECTOR = YES;
				GCC_WARN_UNINITIALIZED_AUTOS = YES_AGGRESSIVE;
				GCC_WARN_UNUSED_FUNCTION = YES;
				GCC_WARN_UNUSED_VARIABLE = YES;
				IPHONEOS_DEPLOYMENT_TARGET = 16.1;
				MTL_ENABLE_DEBUG_INFO = INCLUDE_SOURCE;
				MTL_FAST_MATH = YES;
				ONLY_ACTIVE_ARCH = YES;
				SDKROOT = iphoneos;
				SWIFT_ACTIVE_COMPILATION_CONDITIONS = DEBUG;
				SWIFT_OPTIMIZATION_LEVEL = "-Onone";
			};
			name = Debug;
		};
		CEC32D07299D6C0F00039E5C /* Release */ = {
			isa = XCBuildConfiguration;
			buildSettings = {
				ALWAYS_SEARCH_USER_PATHS = NO;
				CLANG_ANALYZER_NONNULL = YES;
				CLANG_ANALYZER_NUMBER_OBJECT_CONVERSION = YES_AGGRESSIVE;
				CLANG_CXX_LANGUAGE_STANDARD = "gnu++20";
				CLANG_ENABLE_MODULES = YES;
				CLANG_ENABLE_OBJC_ARC = YES;
				CLANG_ENABLE_OBJC_WEAK = YES;
				CLANG_WARN_BLOCK_CAPTURE_AUTORELEASING = YES;
				CLANG_WARN_BOOL_CONVERSION = YES;
				CLANG_WARN_COMMA = YES;
				CLANG_WARN_CONSTANT_CONVERSION = YES;
				CLANG_WARN_DEPRECATED_OBJC_IMPLEMENTATIONS = YES;
				CLANG_WARN_DIRECT_OBJC_ISA_USAGE = YES_ERROR;
				CLANG_WARN_DOCUMENTATION_COMMENTS = YES;
				CLANG_WARN_EMPTY_BODY = YES;
				CLANG_WARN_ENUM_CONVERSION = YES;
				CLANG_WARN_INFINITE_RECURSION = YES;
				CLANG_WARN_INT_CONVERSION = YES;
				CLANG_WARN_NON_LITERAL_NULL_CONVERSION = YES;
				CLANG_WARN_OBJC_IMPLICIT_RETAIN_SELF = YES;
				CLANG_WARN_OBJC_LITERAL_CONVERSION = YES;
				CLANG_WARN_OBJC_ROOT_CLASS = YES_ERROR;
				CLANG_WARN_QUOTED_INCLUDE_IN_FRAMEWORK_HEADER = YES;
				CLANG_WARN_RANGE_LOOP_ANALYSIS = YES;
				CLANG_WARN_STRICT_PROTOTYPES = YES;
				CLANG_WARN_SUSPICIOUS_MOVE = YES;
				CLANG_WARN_UNGUARDED_AVAILABILITY = YES_AGGRESSIVE;
				CLANG_WARN_UNREACHABLE_CODE = YES;
				CLANG_WARN__DUPLICATE_METHOD_MATCH = YES;
				COPY_PHASE_STRIP = NO;
				DEBUG_INFORMATION_FORMAT = "dwarf-with-dsym";
				ENABLE_NS_ASSERTIONS = NO;
				ENABLE_STRICT_OBJC_MSGSEND = YES;
				GCC_C_LANGUAGE_STANDARD = gnu11;
				GCC_NO_COMMON_BLOCKS = YES;
				GCC_WARN_64_TO_32_BIT_CONVERSION = YES;
				GCC_WARN_ABOUT_RETURN_TYPE = YES_ERROR;
				GCC_WARN_UNDECLARED_SELECTOR = YES;
				GCC_WARN_UNINITIALIZED_AUTOS = YES_AGGRESSIVE;
				GCC_WARN_UNUSED_FUNCTION = YES;
				GCC_WARN_UNUSED_VARIABLE = YES;
				IPHONEOS_DEPLOYMENT_TARGET = 16.1;
				MTL_ENABLE_DEBUG_INFO = NO;
				MTL_FAST_MATH = YES;
				SDKROOT = iphoneos;
				SWIFT_COMPILATION_MODE = wholemodule;
				SWIFT_OPTIMIZATION_LEVEL = "-O";
				VALIDATE_PRODUCT = YES;
			};
			name = Release;
		};
		CEC32D09299D6C0F00039E5C /* Debug */ = {
			isa = XCBuildConfiguration;
			buildSettings = {
				ASSETCATALOG_COMPILER_APPICON_NAME = AppIcon;
				ASSETCATALOG_COMPILER_GLOBAL_ACCENT_COLOR_NAME = AccentColor;
				CODE_SIGN_STYLE = Automatic;
				CURRENT_PROJECT_VERSION = 1;
				DEVELOPMENT_ASSET_PATHS = "\"iExpense/Preview Content\"";
				ENABLE_PREVIEWS = YES;
				GENERATE_INFOPLIST_FILE = YES;
				INFOPLIST_KEY_UIApplicationSceneManifest_Generation = YES;
				INFOPLIST_KEY_UIApplicationSupportsIndirectInputEvents = YES;
				INFOPLIST_KEY_UILaunchScreen_Generation = YES;
				INFOPLIST_KEY_UISupportedInterfaceOrientations_iPad = "UIInterfaceOrientationPortrait UIInterfaceOrientationPortraitUpsideDown UIInterfaceOrientationLandscapeLeft UIInterfaceOrientationLandscapeRight";
				INFOPLIST_KEY_UISupportedInterfaceOrientations_iPhone = "UIInterfaceOrientationPortrait UIInterfaceOrientationLandscapeLeft UIInterfaceOrientationLandscapeRight";
				LD_RUNPATH_SEARCH_PATHS = (
					"$(inherited)",
					"@executable_path/Frameworks",
				);
				MARKETING_VERSION = 1.0;
				PRODUCT_BUNDLE_IDENTIFIER = com.nnt.iExpense;
				PRODUCT_NAME = "$(TARGET_NAME)";
				SWIFT_EMIT_LOC_STRINGS = YES;
				SWIFT_VERSION = 5.0;
				TARGETED_DEVICE_FAMILY = "1,2";
			};
			name = Debug;
		};
		CEC32D0A299D6C0F00039E5C /* Release */ = {
			isa = XCBuildConfiguration;
			buildSettings = {
				ASSETCATALOG_COMPILER_APPICON_NAME = AppIcon;
				ASSETCATALOG_COMPILER_GLOBAL_ACCENT_COLOR_NAME = AccentColor;
				CODE_SIGN_STYLE = Automatic;
				CURRENT_PROJECT_VERSION = 1;
				DEVELOPMENT_ASSET_PATHS = "\"iExpense/Preview Content\"";
				ENABLE_PREVIEWS = YES;
				GENERATE_INFOPLIST_FILE = YES;
				INFOPLIST_KEY_UIApplicationSceneManifest_Generation = YES;
				INFOPLIST_KEY_UIApplicationSupportsIndirectInputEvents = YES;
				INFOPLIST_KEY_UILaunchScreen_Generation = YES;
				INFOPLIST_KEY_UISupportedInterfaceOrientations_iPad = "UIInterfaceOrientationPortrait UIInterfaceOrientationPortraitUpsideDown UIInterfaceOrientationLandscapeLeft UIInterfaceOrientationLandscapeRight";
				INFOPLIST_KEY_UISupportedInterfaceOrientations_iPhone = "UIInterfaceOrientationPortrait UIInterfaceOrientationLandscapeLeft UIInterfaceOrientationLandscapeRight";
				LD_RUNPATH_SEARCH_PATHS = (
					"$(inherited)",
					"@executable_path/Frameworks",
				);
				MARKETING_VERSION = 1.0;
				PRODUCT_BUNDLE_IDENTIFIER = com.nnt.iExpense;
				PRODUCT_NAME = "$(TARGET_NAME)";
				SWIFT_EMIT_LOC_STRINGS = YES;
				SWIFT_VERSION = 5.0;
				TARGETED_DEVICE_FAMILY = "1,2";
			};
			name = Release;
		};
		CEC32D0C299D6C0F00039E5C /* Debug */ = {
			isa = XCBuildConfiguration;
			buildSettings = {
				ALWAYS_EMBED_SWIFT_STANDARD_LIBRARIES = YES;
				BUNDLE_LOADER = "$(TEST_HOST)";
				CODE_SIGN_STYLE = Automatic;
				CURRENT_PROJECT_VERSION = 1;
				GENERATE_INFOPLIST_FILE = YES;
				IPHONEOS_DEPLOYMENT_TARGET = 16.1;
				MARKETING_VERSION = 1.0;
				PRODUCT_BUNDLE_IDENTIFIER = com.nnt.iExpenseTests;
				PRODUCT_NAME = "$(TARGET_NAME)";
				SWIFT_EMIT_LOC_STRINGS = NO;
				SWIFT_VERSION = 5.0;
				TARGETED_DEVICE_FAMILY = "1,2";
				TEST_HOST = "$(BUILT_PRODUCTS_DIR)/iExpense.app/$(BUNDLE_EXECUTABLE_FOLDER_PATH)/iExpense";
			};
			name = Debug;
		};
		CEC32D0D299D6C0F00039E5C /* Release */ = {
			isa = XCBuildConfiguration;
			buildSettings = {
				ALWAYS_EMBED_SWIFT_STANDARD_LIBRARIES = YES;
				BUNDLE_LOADER = "$(TEST_HOST)";
				CODE_SIGN_STYLE = Automatic;
				CURRENT_PROJECT_VERSION = 1;
				GENERATE_INFOPLIST_FILE = YES;
				IPHONEOS_DEPLOYMENT_TARGET = 16.1;
				MARKETING_VERSION = 1.0;
				PRODUCT_BUNDLE_IDENTIFIER = com.nnt.iExpenseTests;
				PRODUCT_NAME = "$(TARGET_NAME)";
				SWIFT_EMIT_LOC_STRINGS = NO;
				SWIFT_VERSION = 5.0;
				TARGETED_DEVICE_FAMILY = "1,2";
				TEST_HOST = "$(BUILT_PRODUCTS_DIR)/iExpense.app/$(BUNDLE_EXECUTABLE_FOLDER_PATH)/iExpense";
			};
			name = Release;
		};
		CEC32D0F299D6C0F00039E5C /* Debug */ = {
			isa = XCBuildConfiguration;
			buildSettings = {
				ALWAYS_EMBED_SWIFT_STANDARD_LIBRARIES = YES;
				CODE_SIGN_STYLE = Automatic;
				CURRENT_PROJECT_VERSION = 1;
				GENERATE_INFOPLIST_FILE = YES;
				MARKETING_VERSION = 1.0;
				PRODUCT_BUNDLE_IDENTIFIER = com.nnt.iExpenseUITests;
				PRODUCT_NAME = "$(TARGET_NAME)";
				SWIFT_EMIT_LOC_STRINGS = NO;
				SWIFT_VERSION = 5.0;
				TARGETED_DEVICE_FAMILY = "1,2";
				TEST_TARGET_NAME = iExpense;
			};
			name = Debug;
		};
		CEC32D10299D6C0F00039E5C /* Release */ = {
			isa = XCBuildConfiguration;
			buildSettings = {
				ALWAYS_EMBED_SWIFT_STANDARD_LIBRARIES = YES;
				CODE_SIGN_STYLE = Automatic;
				CURRENT_PROJECT_VERSION = 1;
				GENERATE_INFOPLIST_FILE = YES;
				MARKETING_VERSION = 1.0;
				PRODUCT_BUNDLE_IDENTIFIER = com.nnt.iExpenseUITests;
				PRODUCT_NAME = "$(TARGET_NAME)";
				SWIFT_EMIT_LOC_STRINGS = NO;
				SWIFT_VERSION = 5.0;
				TARGETED_DEVICE_FAMILY = "1,2";
				TEST_TARGET_NAME = iExpense;
			};
			name = Release;
		};
/* End XCBuildConfiguration section */

/* Begin XCConfigurationList section */
		CEC32CDF299D6C0E00039E5C /* Build configuration list for PBXProject "iExpense" */ = {
			isa = XCConfigurationList;
			buildConfigurations = (
				CEC32D06299D6C0F00039E5C /* Debug */,
				CEC32D07299D6C0F00039E5C /* Release */,
			);
			defaultConfigurationIsVisible = 0;
			defaultConfigurationName = Release;
		};
		CEC32D08299D6C0F00039E5C /* Build configuration list for PBXNativeTarget "iExpense" */ = {
			isa = XCConfigurationList;
			buildConfigurations = (
				CEC32D09299D6C0F00039E5C /* Debug */,
				CEC32D0A299D6C0F00039E5C /* Release */,
			);
			defaultConfigurationIsVisible = 0;
			defaultConfigurationName = Release;
		};
		CEC32D0B299D6C0F00039E5C /* Build configuration list for PBXNativeTarget "iExpenseTests" */ = {
			isa = XCConfigurationList;
			buildConfigurations = (
				CEC32D0C299D6C0F00039E5C /* Debug */,
				CEC32D0D299D6C0F00039E5C /* Release */,
			);
			defaultConfigurationIsVisible = 0;
			defaultConfigurationName = Release;
		};
		CEC32D0E299D6C0F00039E5C /* Build configuration list for PBXNativeTarget "iExpenseUITests" */ = {
			isa = XCConfigurationList;
			buildConfigurations = (
				CEC32D0F299D6C0F00039E5C /* Debug */,
				CEC32D10299D6C0F00039E5C /* Release */,
			);
			defaultConfigurationIsVisible = 0;
			defaultConfigurationName = Release;
		};
/* End XCConfigurationList section */
	};
	rootObject = CEC32CDC299D6C0E00039E5C /* Project object */;
}
